
Microsoft Visual Studio Solution File, Format Version 12.00
# Visual Studio Version 17
VisualStudioVersion = 17.0.32014.148
MinimumVisualStudioVersion = 10.0.40219.1
Project("{FAE04EC0-301F-11D3-BF4B-00C04F79EFBC}") = "GoldenHearthstone", "GoldenHearthstone\GoldenHearthstone.csproj", "{13BA4C9D-D5BD-43FA-A302-81DDF5C68D3B}"
EndProject
Global
	GlobalSection(SolutionConfigurationPlatforms) = preSolution
		Debug|Any CPU = Debug|Any CPU
		Release|Any CPU = Release|Any CPU
	EndGlobalSection
	GlobalSection(ProjectConfigurationPlatforms) = postSolution
		{13BA4C9D-D5BD-43FA-A302-81DDF5C68D3B}.Debug|Any CPU.ActiveCfg = Debug|Any CPU
		{13BA4C9D-D5BD-43FA-A302-81DDF5C68D3B}.Debug|Any CPU.Build.0 = Debug|Any CPU
		{13BA4C9D-D5BD-43FA-A302-81DDF5C68D3B}.Release|Any CPU.ActiveCfg = Release|Any CPU
		{13BA4C9D-D5BD-43FA-A302-81DDF5C68D3B}.Release|Any CPU.Build.0 = Release|Any CPU
	EndGlobalSection
	GlobalSection(SolutionProperties) = preSolution
		HideSolutionNode = FALSE
	EndGlobalSection
	GlobalSection(ExtensibilityGlobals) = postSolution
		SolutionGuid = {424CBA11-979B-4591-85B3-C78B6BEA52AF}
	EndGlobalSection
EndGlobal
